
Microsoft Visual Studio Solution File, Format Version 12.00
# Visual Studio Version 16
VisualStudioVersion = 16.0.30204.135
MinimumVisualStudioVersion = 10.0.40219.1
Project("{FAE04EC0-301F-11D3-BF4B-00C04F79EFBC}") = "MYUCoreApp", "MYUCoreApp\MYUCoreApp.csproj", "{0FA0EC36-DBF6-45B7-8653-2EFAC83DDC3A}"
EndProject
Project("{FAE04EC0-301F-11D3-BF4B-00C04F79EFBC}") = "MYUCoreApp.Infrastructure", "MYUCoreApp.Infrastructure\MYUCoreApp.Infrastructure.csproj", "{CDC15ADB-FD01-4B5D-98C5-8471B58014C1}"
EndProject
Project("{FAE04EC0-301F-11D3-BF4B-00C04F79EFBC}") = "MYUCoreApp.Utilities", "MYUCoreApp.Utilities\MYUCoreApp.Utilities.csproj", "{2DF93379-BF64-45B5-9F0B-DEC00C605BC7}"
EndProject
Project("{FAE04EC0-301F-11D3-BF4B-00C04F79EFBC}") = "MYUCoreApp.Data", "MYUCoreApp.Data\MYUCoreApp.Data.csproj", "{4887BF15-C3B9-434B-8720-E445C6704DED}"
EndProject
Project("{FAE04EC0-301F-11D3-BF4B-00C04F79EFBC}") = "MYUCoreApp.Data.EF", "MYUCoreApp.Data.EF\MYUCoreApp.Data.EF.csproj", "{6A0827EE-9DC7-406A-8380-810E7C30D299}"
EndProject
Project("{2150E333-8FDC-42A3-9474-1A3956D46DE8}") = "1-Presentation", "1-Presentation", "{9F2ACDB9-795C-4847-92AF-12B5674B2D5E}"
EndProject
Project("{2150E333-8FDC-42A3-9474-1A3956D46DE8}") = "2-Application", "2-Application", "{56BC253A-A162-4C18-938C-43B3D2B97E57}"
EndProject
Project("{2150E333-8FDC-42A3-9474-1A3956D46DE8}") = "3-Domain", "3-Domain", "{0BA23EFC-16CD-4D6F-A52B-A78E8E61E4B1}"
EndProject
Project("{2150E333-8FDC-42A3-9474-1A3956D46DE8}") = "4-Infrastructure", "4-Infrastructure", "{826B1319-D069-473F-A975-5CBB55FF6C38}"
EndProject
Project("{FAE04EC0-301F-11D3-BF4B-00C04F79EFBC}") = "MYUCoreApp.Aplication", "MYUCoreApp.Aplication\MYUCoreApp.Aplication.csproj", "{37A86DF9-5D12-4410-A266-1A0DDFAEAE6B}"
EndProject
Global
	GlobalSection(SolutionConfigurationPlatforms) = preSolution
		Debug|Any CPU = Debug|Any CPU
		Release|Any CPU = Release|Any CPU
	EndGlobalSection
	GlobalSection(ProjectConfigurationPlatforms) = postSolution
		{0FA0EC36-DBF6-45B7-8653-2EFAC83DDC3A}.Debug|Any CPU.ActiveCfg = Debug|Any CPU
		{0FA0EC36-DBF6-45B7-8653-2EFAC83DDC3A}.Debug|Any CPU.Build.0 = Debug|Any CPU
		{0FA0EC36-DBF6-45B7-8653-2EFAC83DDC3A}.Release|Any CPU.ActiveCfg = Release|Any CPU
		{0FA0EC36-DBF6-45B7-8653-2EFAC83DDC3A}.Release|Any CPU.Build.0 = Release|Any CPU
		{CDC15ADB-FD01-4B5D-98C5-8471B58014C1}.Debug|Any CPU.ActiveCfg = Debug|Any CPU
		{CDC15ADB-FD01-4B5D-98C5-8471B58014C1}.Debug|Any CPU.Build.0 = Debug|Any CPU
		{CDC15ADB-FD01-4B5D-98C5-8471B58014C1}.Release|Any CPU.ActiveCfg = Release|Any CPU
		{CDC15ADB-FD01-4B5D-98C5-8471B58014C1}.Release|Any CPU.Build.0 = Release|Any CPU
		{2DF93379-BF64-45B5-9F0B-DEC00C605BC7}.Debug|Any CPU.ActiveCfg = Debug|Any CPU
		{2DF93379-BF64-45B5-9F0B-DEC00C605BC7}.Debug|Any CPU.Build.0 = Debug|Any CPU
		{2DF93379-BF64-45B5-9F0B-DEC00C605BC7}.Release|Any CPU.ActiveCfg = Release|Any CPU
		{2DF93379-BF64-45B5-9F0B-DEC00C605BC7}.Release|Any CPU.Build.0 = Release|Any CPU
		{4887BF15-C3B9-434B-8720-E445C6704DED}.Debug|Any CPU.ActiveCfg = Debug|Any CPU
		{4887BF15-C3B9-434B-8720-E445C6704DED}.Debug|Any CPU.Build.0 = Debug|Any CPU
		{4887BF15-C3B9-434B-8720-E445C6704DED}.Release|Any CPU.ActiveCfg = Release|Any CPU
		{4887BF15-C3B9-434B-8720-E445C6704DED}.Release|Any CPU.Build.0 = Release|Any CPU
		{6A0827EE-9DC7-406A-8380-810E7C30D299}.Debug|Any CPU.ActiveCfg = Debug|Any CPU
		{6A0827EE-9DC7-406A-8380-810E7C30D299}.Debug|Any CPU.Build.0 = Debug|Any CPU
		{6A0827EE-9DC7-406A-8380-810E7C30D299}.Release|Any CPU.ActiveCfg = Release|Any CPU
		{6A0827EE-9DC7-406A-8380-810E7C30D299}.Release|Any CPU.Build.0 = Release|Any CPU
		{37A86DF9-5D12-4410-A266-1A0DDFAEAE6B}.Debug|Any CPU.ActiveCfg = Debug|Any CPU
		{37A86DF9-5D12-4410-A266-1A0DDFAEAE6B}.Debug|Any CPU.Build.0 = Debug|Any CPU
		{37A86DF9-5D12-4410-A266-1A0DDFAEAE6B}.Release|Any CPU.ActiveCfg = Release|Any CPU
		{37A86DF9-5D12-4410-A266-1A0DDFAEAE6B}.Release|Any CPU.Build.0 = Release|Any CPU
	EndGlobalSection
	GlobalSection(SolutionProperties) = preSolution
		HideSolutionNode = FALSE
	EndGlobalSection
	GlobalSection(NestedProjects) = preSolution
		{0FA0EC36-DBF6-45B7-8653-2EFAC83DDC3A} = {9F2ACDB9-795C-4847-92AF-12B5674B2D5E}
		{CDC15ADB-FD01-4B5D-98C5-8471B58014C1} = {826B1319-D069-473F-A975-5CBB55FF6C38}
		{2DF93379-BF64-45B5-9F0B-DEC00C605BC7} = {826B1319-D069-473F-A975-5CBB55FF6C38}
		{4887BF15-C3B9-434B-8720-E445C6704DED} = {0BA23EFC-16CD-4D6F-A52B-A78E8E61E4B1}
		{6A0827EE-9DC7-406A-8380-810E7C30D299} = {0BA23EFC-16CD-4D6F-A52B-A78E8E61E4B1}
		{37A86DF9-5D12-4410-A266-1A0DDFAEAE6B} = {56BC253A-A162-4C18-938C-43B3D2B97E57}
	EndGlobalSection
	GlobalSection(ExtensibilityGlobals) = postSolution
		SolutionGuid = {D4F10186-B510-4184-B747-4A7108DEEE41}
	EndGlobalSection
EndGlobal
